PODS:
  - Nimble (6.0.1)
  - Quick (1.1.0)

DEPENDENCIES:
  - Nimble (from `https://github.com/Quick/Nimble.git`)
  - Quick (from `https://github.com/Quick/Quick.git`)

EXTERNAL SOURCES:
  Nimble:
    :git: https://github.com/Quick/Nimble.git
  Quick:
    :git: https://github.com/Quick/Quick.git

CHECKOUT OPTIONS:
  Nimble:
    :commit: c30676061cf2bf250984a7c3bde3722ef49e4af2
    :git: https://github.com/Quick/Nimble.git
  Quick:
    :commit: e4fa1e85c0305ba4e0866f25812d3fa398f3a048
    :git: https://github.com/Quick/Quick.git

SPEC CHECKSUMS:
  Nimble: 1aafe036e5b03c5a30d07430fddca564af570696
  Quick: 4700beb8056662b579facd79eaca7f04fb3d48e6

PODFILE CHECKSUM: 8deba5d9015414a64348a0e8ef71c6825824668f

COCOAPODS: 1.2.0
