// !$*UTF8*$!
{
	archiveVersion = 1;
	classes = {
	};
	objectVersion = 46;
	objects = {

/* Begin PBXBuildFile section */
		40F73EB7064A268BD2000CA9 /* Pods_StructLove.framework in Frameworks */ = {isa = PBXBuildFile; fileRef = B383CCCD199682F82E8BC0C4 /* Pods_StructLove.framework */; };
		5BB0BD471D4FC02E0054120F /* AppDelegate.swift in Sources */ = {isa = PBXBuildFile; fileRef = 5BB0BD461D4FC02E0054120F /* AppDelegate.swift */; };
		5BB0BD491D4FC02E0054120F /* ViewController.swift in Sources */ = {isa = PBXBuildFile; fileRef = 5BB0BD481D4FC02E0054120F /* ViewController.swift */; };
		5BB0BD4C1D4FC02E0054120F /* Main.storyboard in Resources */ = {isa = PBXBuildFile; fileRef = 5BB0BD4A1D4FC02E0054120F /* Main.storyboard */; };
		5BB0BD4E1D4FC02E0054120F /* Assets.xcassets in Resources */ = {isa = PBXBuildFile; fileRef = 5BB0BD4D1D4FC02E0054120F /* Assets.xcassets */; };
		5BB0BD511D4FC02E0054120F /* LaunchScreen.storyboard in Resources */ = {isa = PBXBuildFile; fileRef = 5BB0BD4F1D4FC02E0054120F /* LaunchScreen.storyboard */; };
		5BB0BD681D4FC4300054120F /* Tiger.swift in Sources */ = {isa = PBXBuildFile; fileRef = 5BB0BD671D4FC4300054120F /* Tiger.swift */; };
		5BB0BD6B1D4FC4DC0054120F /* TigerTest.swift in Sources */ = {isa = PBXBuildFile; fileRef = 5BB0BD6A1D4FC4DC0054120F /* TigerTest.swift */; };
		A2633FF2488D93443A235173 /* Pods_StructLoveTests.framework in Frameworks */ = {isa = PBXBuildFile; fileRef = C18EFF07EEDF944E8D144540 /* Pods_StructLoveTests.framework */; };
		B73779881D66A93000EAEC1E /* Coordinate.swift in Sources */ = {isa = PBXBuildFile; fileRef = B73779871D66A93000EAEC1E /* Coordinate.swift */; };
		B737798A1D66AB4200EAEC1E /* CoordinateTest.swift in Sources */ = {isa = PBXBuildFile; fileRef = B73779891D66AB4200EAEC1E /* CoordinateTest.swift */; };
		B7874C731D66B68F00D9671A /* PizzaDeliveryService.swift in Sources */ = {isa = PBXBuildFile; fileRef = B7874C721D66B68F00D9671A /* PizzaDeliveryService.swift */; };
		B7874C751D66B6D500D9671A /* PizzaDeliveryServiceTest.swift in Sources */ = {isa = PBXBuildFile; fileRef = B7874C741D66B6D500D9671A /* PizzaDeliveryServiceTest.swift */; };
		B7874C771D66BC8100D9671A /* Person.swift in Sources */ = {isa = PBXBuildFile; fileRef = B7874C761D66BC8100D9671A /* Person.swift */; };
		B7874C791D66BD5D00D9671A /* PersonTest.swift in Sources */ = {isa = PBXBuildFile; fileRef = B7874C781D66BD5D00D9671A /* PersonTest.swift */; };
/* End PBXBuildFile section */

/* Begin PBXContainerItemProxy section */
		5BB0BD581D4FC02E0054120F /* PBXContainerItemProxy */ = {
			isa = PBXContainerItemProxy;
			containerPortal = 5BB0BD3B1D4FC02E0054120F /* Project object */;
			proxyType = 1;
			remoteGlobalIDString = 5BB0BD421D4FC02E0054120F;
			remoteInfo = StructLove;
		};
/* End PBXContainerItemProxy section */

/* Begin PBXFileReference section */
		310DB44B34C6C0E9355BD2E3 /* Pods-StructLove.debug.xcconfig */ = {isa = PBXFileReference; includeInIndex = 1; lastKnownFileType = text.xcconfig; name = "Pods-StructLove.debug.xcconfig"; path = "Pods/Target Support Files/Pods-StructLove/Pods-StructLove.debug.xcconfig"; sourceTree = "<group>"; };
		42C27552232CFACC49202167 /* Pods-StructLove.release.xcconfig */ = {isa = PBXFileReference; includeInIndex = 1; lastKnownFileType = text.xcconfig; name = "Pods-StructLove.release.xcconfig"; path = "Pods/Target Support Files/Pods-StructLove/Pods-StructLove.release.xcconfig"; sourceTree = "<group>"; };
		5BB0BD431D4FC02E0054120F /* StructLove.app */ = {isa = PBXFileReference; explicitFileType = wrapper.application; includeInIndex = 0; path = StructLove.app; sourceTree = BUILT_PRODUCTS_DIR; };
		5BB0BD461D4FC02E0054120F /* AppDelegate.swift */ = {isa = PBXFileReference; lastKnownFileType = sourcecode.swift; path = AppDelegate.swift; sourceTree = "<group>"; };
		5BB0BD481D4FC02E0054120F /* ViewController.swift */ = {isa = PBXFileReference; lastKnownFileType = sourcecode.swift; path = ViewController.swift; sourceTree = "<group>"; };
		5BB0BD4B1D4FC02E0054120F /* Base */ = {isa = PBXFileReference; lastKnownFileType = file.storyboard; name = Base; path = Base.lproj/Main.storyboard; sourceTree = "<group>"; };
		5BB0BD4D1D4FC02E0054120F /* Assets.xcassets */ = {isa = PBXFileReference; lastKnownFileType = folder.assetcatalog; path = Assets.xcassets; sourceTree = "<group>"; };
		5BB0BD501D4FC02E0054120F /* Base */ = {isa = PBXFileReference; lastKnownFileType = file.storyboard; name = Base; path = Base.lproj/LaunchScreen.storyboard; sourceTree = "<group>"; };
		5BB0BD521D4FC02E0054120F /* Info.plist */ = {isa = PBXFileReference; lastKnownFileType = text.plist.xml; path = Info.plist; sourceTree = "<group>"; };
		5BB0BD571D4FC02E0054120F /* StructLoveTests.xctest */ = {isa = PBXFileReference; explicitFileType = wrapper.cfbundle; includeInIndex = 0; path = StructLoveTests.xctest; sourceTree = BUILT_PRODUCTS_DIR; };
		5BB0BD5D1D4FC02E0054120F /* Info.plist */ = {isa = PBXFileReference; lastKnownFileType = text.plist.xml; path = Info.plist; sourceTree = "<group>"; };
		5BB0BD671D4FC4300054120F /* Tiger.swift */ = {isa = PBXFileReference; fileEncoding = 4; lastKnownFileType = sourcecode.swift; path = Tiger.swift; sourceTree = "<group>"; };
		5BB0BD6A1D4FC4DC0054120F /* TigerTest.swift */ = {isa = PBXFileReference; fileEncoding = 4; lastKnownFileType = sourcecode.swift; path = TigerTest.swift; sourceTree = "<group>"; };
		621999983021C34FF150CB91 /* Pods-StructLoveTests.release.xcconfig */ = {isa = PBXFileReference; includeInIndex = 1; lastKnownFileType = text.xcconfig; name = "Pods-StructLoveTests.release.xcconfig"; path = "Pods/Target Support Files/Pods-StructLoveTests/Pods-StructLoveTests.release.xcconfig"; sourceTree = "<group>"; };
		8070059736600D2FAA962E0C /* Pods-StructLoveTests.debug.xcconfig */ = {isa = PBXFileReference; includeInIndex = 1; lastKnownFileType = text.xcconfig; name = "Pods-StructLoveTests.debug.xcconfig"; path = "Pods/Target Support Files/Pods-StructLoveTests/Pods-StructLoveTests.debug.xcconfig"; sourceTree = "<group>"; };
		B383CCCD199682F82E8BC0C4 /* Pods_StructLove.framework */ = {isa = PBXFileReference; explicitFileType = wrapper.framework; includeInIndex = 0; path = Pods_StructLove.framework; sourceTree = BUILT_PRODUCTS_DIR; };
		B73779871D66A93000EAEC1E /* Coordinate.swift */ = {isa = PBXFileReference; fileEncoding = 4; lastKnownFileType = sourcecode.swift; path = Coordinate.swift; sourceTree = "<group>"; };
		B73779891D66AB4200EAEC1E /* CoordinateTest.swift */ = {isa = PBXFileReference; fileEncoding = 4; lastKnownFileType = sourcecode.swift; path = CoordinateTest.swift; sourceTree = "<group>"; };
		B7874C721D66B68F00D9671A /* PizzaDeliveryService.swift */ = {isa = PBXFileReference; fileEncoding = 4; lastKnownFileType = sourcecode.swift; path = PizzaDeliveryService.swift; sourceTree = "<group>"; };
		B7874C741D66B6D500D9671A /* PizzaDeliveryServiceTest.swift */ = {isa = PBXFileReference; fileEncoding = 4; lastKnownFileType = sourcecode.swift; path = PizzaDeliveryServiceTest.swift; sourceTree = "<group>"; };
		B7874C761D66BC8100D9671A /* Person.swift */ = {isa = PBXFileReference; fileEncoding = 4; lastKnownFileType = sourcecode.swift; path = Person.swift; sourceTree = "<group>"; };
		B7874C781D66BD5D00D9671A /* PersonTest.swift */ = {isa = PBXFileReference; fileEncoding = 4; lastKnownFileType = sourcecode.swift; path = PersonTest.swift; sourceTree = "<group>"; };
		C18EFF07EEDF944E8D144540 /* Pods_StructLoveTests.framework */ = {isa = PBXFileReference; explicitFileType = wrapper.framework; includeInIndex = 0; path = Pods_StructLoveTests.framework; sourceTree = BUILT_PRODUCTS_DIR; };
/* End PBXFileReference section */

/* Begin PBXFrameworksBuildPhase section */
		5BB0BD401D4FC02E0054120F /* Frameworks */ = {
			isa = PBXFrameworksBuildPhase;
			buildActionMask = 2147483647;
			files = (
				40F73EB7064A268BD2000CA9 /* Pods_StructLove.framework in Frameworks */,
			);
			runOnlyForDeploymentPostprocessing = 0;
		};
		5BB0BD541D4FC02E0054120F /* Frameworks */ = {
			isa = PBXFrameworksBuildPhase;
			buildActionMask = 2147483647;
			files = (
				A2633FF2488D93443A235173 /* Pods_StructLoveTests.framework in Frameworks */,
			);
			runOnlyForDeploymentPostprocessing = 0;
		};
/* End PBXFrameworksBuildPhase section */

/* Begin PBXGroup section */
		31B1C6FCC430DA5433626BD7 /* Pods */ = {
			isa = PBXGroup;
			children = (
				310DB44B34C6C0E9355BD2E3 /* Pods-StructLove.debug.xcconfig */,
				42C27552232CFACC49202167 /* Pods-StructLove.release.xcconfig */,
				8070059736600D2FAA962E0C /* Pods-StructLoveTests.debug.xcconfig */,
				621999983021C34FF150CB91 /* Pods-StructLoveTests.release.xcconfig */,
			);
			name = Pods;
			sourceTree = "<group>";
		};
		5BB0BD3A1D4FC02E0054120F = {
			isa = PBXGroup;
			children = (
				5BB0BD451D4FC02E0054120F /* StructLove */,
				5BB0BD5A1D4FC02E0054120F /* StructLoveTests */,
				5BB0BD441D4FC02E0054120F /* Products */,
				8A7B1620C2194C767E0EC026 /* Frameworks */,
				31B1C6FCC430DA5433626BD7 /* Pods */,
			);
			sourceTree = "<group>";
		};
		5BB0BD441D4FC02E0054120F /* Products */ = {
			isa = PBXGroup;
			children = (
				5BB0BD431D4FC02E0054120F /* StructLove.app */,
				5BB0BD571D4FC02E0054120F /* StructLoveTests.xctest */,
			);
			name = Products;
			sourceTree = "<group>";
		};
		5BB0BD451D4FC02E0054120F /* StructLove */ = {
			isa = PBXGroup;
			children = (
				B73779871D66A93000EAEC1E /* Coordinate.swift */,
				B7874C761D66BC8100D9671A /* Person.swift */,
				B7874C721D66B68F00D9671A /* PizzaDeliveryService.swift */,
				5BB0BD671D4FC4300054120F /* Tiger.swift */,
				5BB0BD661D4FC3EA0054120F /* Supporting Files */,
			);
			path = StructLove;
			sourceTree = "<group>";
		};
		5BB0BD5A1D4FC02E0054120F /* StructLoveTests */ = {
			isa = PBXGroup;
			children = (
				B73779891D66AB4200EAEC1E /* CoordinateTest.swift */,
				B7874C781D66BD5D00D9671A /* PersonTest.swift */,
				B7874C741D66B6D500D9671A /* PizzaDeliveryServiceTest.swift */,
				5BB0BD6A1D4FC4DC0054120F /* TigerTest.swift */,
				5BB0BD691D4FC4C50054120F /* Test Supporting Files */,
			);
			path = StructLoveTests;
			sourceTree = "<group>";
		};
		5BB0BD661D4FC3EA0054120F /* Supporting Files */ = {
			isa = PBXGroup;
			children = (
				5BB0BD461D4FC02E0054120F /* AppDelegate.swift */,
				5BB0BD481D4FC02E0054120F /* ViewController.swift */,
				5BB0BD4A1D4FC02E0054120F /* Main.storyboard */,
				5BB0BD4F1D4FC02E0054120F /* LaunchScreen.storyboard */,
				5BB0BD4D1D4FC02E0054120F /* Assets.xcassets */,
				5BB0BD521D4FC02E0054120F /* Info.plist */,
			);
			name = "Supporting Files";
			sourceTree = "<group>";
		};
		5BB0BD691D4FC4C50054120F /* Test Supporting Files */ = {
			isa = PBXGroup;
			children = (
				5BB0BD5D1D4FC02E0054120F /* Info.plist */,
			);
			name = "Test Supporting Files";
			sourceTree = "<group>";
		};
		8A7B1620C2194C767E0EC026 /* Frameworks */ = {
			isa = PBXGroup;
			children = (
				B383CCCD199682F82E8BC0C4 /* Pods_StructLove.framework */,
				C18EFF07EEDF944E8D144540 /* Pods_StructLoveTests.framework */,
			);
			name = Frameworks;
			sourceTree = "<group>";
		};
/* End PBXGroup section */

/* Begin PBXNativeTarget section */
		5BB0BD421D4FC02E0054120F /* StructLove */ = {
			isa = PBXNativeTarget;
			buildConfigurationList = 5BB0BD601D4FC02E0054120F /* Build configuration list for PBXNativeTarget "StructLove" */;
			buildPhases = (
				D38241C4A6BA3E1F309EB34E /* [CP] Check Pods Manifest.lock */,
				5BB0BD3F1D4FC02E0054120F /* Sources */,
				5BB0BD401D4FC02E0054120F /* Frameworks */,
				5BB0BD411D4FC02E0054120F /* Resources */,
				BCC14FF0F9D569ABCF0F5E70 /* [CP] Embed Pods Frameworks */,
				7478B0F0EA1E9EA60FE242D3 /* [CP] Copy Pods Resources */,
			);
			buildRules = (
			);
			dependencies = (
			);
			name = StructLove;
			productName = StructLove;
			productReference = 5BB0BD431D4FC02E0054120F /* StructLove.app */;
			productType = "com.apple.product-type.application";
		};
		5BB0BD561D4FC02E0054120F /* StructLoveTests */ = {
			isa = PBXNativeTarget;
			buildConfigurationList = 5BB0BD631D4FC02E0054120F /* Build configuration list for PBXNativeTarget "StructLoveTests" */;
			buildPhases = (
				5E4C42D1AEB9B6B5713CE0DC /* [CP] Check Pods Manifest.lock */,
				5BB0BD531D4FC02E0054120F /* Sources */,
				5BB0BD541D4FC02E0054120F /* Frameworks */,
				5BB0BD551D4FC02E0054120F /* Resources */,
				628CB212DD4B659F50EDD04C /* [CP] Embed Pods Frameworks */,
				9EFD5C979FC364E1DD82F33F /* [CP] Copy Pods Resources */,
			);
			buildRules = (
			);
			dependencies = (
				5BB0BD591D4FC02E0054120F /* PBXTargetDependency */,
			);
			name = StructLoveTests;
			productName = StructLoveTests;
			productReference = 5BB0BD571D4FC02E0054120F /* StructLoveTests.xctest */;
			productType = "com.apple.product-type.bundle.unit-test";
		};
/* End PBXNativeTarget section */

/* Begin PBXProject section */
		5BB0BD3B1D4FC02E0054120F /* Project object */ = {
			isa = PBXProject;
			attributes = {
				LastSwiftUpdateCheck = 0730;
				LastUpgradeCheck = 0800;
				ORGANIZATIONNAME = "Flatiron School";
				TargetAttributes = {
					5BB0BD421D4FC02E0054120F = {
						CreatedOnToolsVersion = 7.3.1;
						LastSwiftMigration = 0800;
					};
					5BB0BD561D4FC02E0054120F = {
						CreatedOnToolsVersion = 7.3.1;
						LastSwiftMigration = 0800;
						TestTargetID = 5BB0BD421D4FC02E0054120F;
					};
				};
			};
			buildConfigurationList = 5BB0BD3E1D4FC02E0054120F /* Build configuration list for PBXProject "StructLove" */;
			compatibilityVersion = "Xcode 3.2";
			developmentRegion = English;
			hasScannedForEncodings = 0;
			knownRegions = (
				en,
				Base,
			);
			mainGroup = 5BB0BD3A1D4FC02E0054120F;
			productRefGroup = 5BB0BD441D4FC02E0054120F /* Products */;
			projectDirPath = "";
			projectRoot = "";
			targets = (
				5BB0BD421D4FC02E0054120F /* StructLove */,
				5BB0BD561D4FC02E0054120F /* StructLoveTests */,
			);
		};
/* End PBXProject section */

/* Begin PBXResourcesBuildPhase section */
		5BB0BD411D4FC02E0054120F /* Resources */ = {
			isa = PBXResourcesBuildPhase;
			buildActionMask = 2147483647;
			files = (
				5BB0BD511D4FC02E0054120F /* LaunchScreen.storyboard in Resources */,
				5BB0BD4E1D4FC02E0054120F /* Assets.xcassets in Resources */,
				5BB0BD4C1D4FC02E0054120F /* Main.storyboard in Resources */,
			);
			runOnlyForDeploymentPostprocessing = 0;
		};
		5BB0BD551D4FC02E0054120F /* Resources */ = {
			isa = PBXResourcesBuildPhase;
			buildActionMask = 2147483647;
			files = (
			);
			runOnlyForDeploymentPostprocessing = 0;
		};
/* End PBXResourcesBuildPhase section */

/* Begin PBXShellScriptBuildPhase section */
		5E4C42D1AEB9B6B5713CE0DC /* [CP] Check Pods Manifest.lock */ = {
			isa = PBXShellScriptBuildPhase;
			buildActionMask = 2147483647;
			files = (
			);
			inputPaths = (
			);
			name = "[CP] Check Pods Manifest.lock";
			outputPaths = (
			);
			runOnlyForDeploymentPostprocessing = 0;
			shellPath = /bin/sh;
			shellScript = "diff \"${PODS_ROOT}/../Podfile.lock\" \"${PODS_ROOT}/Manifest.lock\" > /dev/null\nif [[ $? != 0 ]] ; then\n    cat << EOM\nerror: The sandbox is not in sync with the Podfile.lock. Run 'pod install' or update your CocoaPods installation.\nEOM\n    exit 1\nfi\n";
			showEnvVarsInLog = 0;
		};
		628CB212DD4B659F50EDD04C /* [CP] Embed Pods Frameworks */ = {
			isa = PBXShellScriptBuildPhase;
			buildActionMask = 2147483647;
			files = (
			);
			inputPaths = (
			);
			name = "[CP] Embed Pods Frameworks";
			outputPaths = (
			);
			runOnlyForDeploymentPostprocessing = 0;
			shellPath = /bin/sh;
			shellScript = "\"${SRCROOT}/Pods/Target Support Files/Pods-StructLoveTests/Pods-StructLoveTests-frameworks.sh\"\n";
			showEnvVarsInLog = 0;
		};
		7478B0F0EA1E9EA60FE242D3 /* [CP] Copy Pods Resources */ = {
			isa = PBXShellScriptBuildPhase;
			buildActionMask = 2147483647;
			files = (
			);
			inputPaths = (
			);
			name = "[CP] Copy Pods Resources";
			outputPaths = (
			);
			runOnlyForDeploymentPostprocessing = 0;
			shellPath = /bin/sh;
			shellScript = "\"${SRCROOT}/Pods/Target Support Files/Pods-StructLove/Pods-StructLove-resources.sh\"\n";
			showEnvVarsInLog = 0;
		};
		9EFD5C979FC364E1DD82F33F /* [CP] Copy Pods Resources */ = {
			isa = PBXShellScriptBuildPhase;
			buildActionMask = 2147483647;
			files = (
			);
			inputPaths = (
			);
			name = "[CP] Copy Pods Resources";
			outputPaths = (
			);
			runOnlyForDeploymentPostprocessing = 0;
			shellPath = /bin/sh;
			shellScript = "\"${SRCROOT}/Pods/Target Support Files/Pods-StructLoveTests/Pods-StructLoveTests-resources.sh\"\n";
			showEnvVarsInLog = 0;
		};
		BCC14FF0F9D569ABCF0F5E70 /* [CP] Embed Pods Frameworks */ = {
			isa = PBXShellScriptBuildPhase;
			buildActionMask = 2147483647;
			files = (
			);
			inputPaths = (
			);
			name = "[CP] Embed Pods Frameworks";
			outputPaths = (
			);
			runOnlyForDeploymentPostprocessing = 0;
			shellPath = /bin/sh;
			shellScript = "\"${SRCROOT}/Pods/Target Support Files/Pods-StructLove/Pods-StructLove-frameworks.sh\"\n";
			showEnvVarsInLog = 0;
		};
		D38241C4A6BA3E1F309EB34E /* [CP] Check Pods Manifest.lock */ = {
			isa = PBXShellScriptBuildPhase;
			buildActionMask = 2147483647;
			files = (
			);
			inputPaths = (
			);
			name = "[CP] Check Pods Manifest.lock";
			outputPaths = (
			);
			runOnlyForDeploymentPostprocessing = 0;
			shellPath = /bin/sh;
			shellScript = "diff \"${PODS_ROOT}/../Podfile.lock\" \"${PODS_ROOT}/Manifest.lock\" > /dev/null\nif [[ $? != 0 ]] ; then\n    cat << EOM\nerror: The sandbox is not in sync with the Podfile.lock. Run 'pod install' or update your CocoaPods installation.\nEOM\n    exit 1\nfi\n";
			showEnvVarsInLog = 0;
		};
/* End PBXShellScriptBuildPhase section */

/* Begin PBXSourcesBuildPhase section */
		5BB0BD3F1D4FC02E0054120F /* Sources */ = {
			isa = PBXSourcesBuildPhase;
			buildActionMask = 2147483647;
			files = (
				B7874C771D66BC8100D9671A /* Person.swift in Sources */,
				5BB0BD491D4FC02E0054120F /* ViewController.swift in Sources */,
				5BB0BD681D4FC4300054120F /* Tiger.swift in Sources */,
				5BB0BD471D4FC02E0054120F /* AppDelegate.swift in Sources */,
				B7874C731D66B68F00D9671A /* PizzaDeliveryService.swift in Sources */,
				B73779881D66A93000EAEC1E /* Coordinate.swift in Sources */,
			);
			runOnlyForDeploymentPostprocessing = 0;
		};
		5BB0BD531D4FC02E0054120F /* Sources */ = {
			isa = PBXSourcesBuildPhase;
			buildActionMask = 2147483647;
			files = (
				5BB0BD6B1D4FC4DC0054120F /* TigerTest.swift in Sources */,
				B737798A1D66AB4200EAEC1E /* CoordinateTest.swift in Sources */,
				B7874C791D66BD5D00D9671A /* PersonTest.swift in Sources */,
				B7874C751D66B6D500D9671A /* PizzaDeliveryServiceTest.swift in Sources */,
			);
			runOnlyForDeploymentPostprocessing = 0;
		};
/* End PBXSourcesBuildPhase section */

/* Begin PBXTargetDependency section */
		5BB0BD591D4FC02E0054120F /* PBXTargetDependency */ = {
			isa = PBXTargetDependency;
			target = 5BB0BD421D4FC02E0054120F /* StructLove */;
			targetProxy = 5BB0BD581D4FC02E0054120F /* PBXContainerItemProxy */;
		};
/* End PBXTargetDependency section */

/* Begin PBXVariantGroup section */
		5BB0BD4A1D4FC02E0054120F /* Main.storyboard */ = {
			isa = PBXVariantGroup;
			children = (
				5BB0BD4B1D4FC02E0054120F /* Base */,
			);
			name = Main.storyboard;
			sourceTree = "<group>";
		};
		5BB0BD4F1D4FC02E0054120F /* LaunchScreen.storyboard */ = {
			isa = PBXVariantGroup;
			children = (
				5BB0BD501D4FC02E0054120F /* Base */,
			);
			name = LaunchScreen.storyboard;
			sourceTree = "<group>";
		};
/* End PBXVariantGroup section */

/* Begin XCBuildConfiguration section */
		5BB0BD5E1D4FC02E0054120F /* Debug */ = {
			isa = XCBuildConfiguration;
			buildSettings = {
				ALWAYS_SEARCH_USER_PATHS = NO;
				CLANG_ANALYZER_NONNULL = YES;
				CLANG_CXX_LANGUAGE_STANDARD = "gnu++0x";
				CLANG_CXX_LIBRARY = "libc++";
				CLANG_ENABLE_MODULES = YES;
				CLANG_ENABLE_OBJC_ARC = YES;
				CLANG_WARN_BOOL_CONVERSION = YES;
				CLANG_WARN_CONSTANT_CONVERSION = YES;
				CLANG_WARN_DIRECT_OBJC_ISA_USAGE = YES_ERROR;
				CLANG_WARN_EMPTY_BODY = YES;
				CLANG_WARN_ENUM_CONVERSION = YES;
				CLANG_WARN_INFINITE_RECURSION = YES;
				CLANG_WARN_INT_CONVERSION = YES;
				CLANG_WARN_OBJC_ROOT_CLASS = YES_ERROR;
				CLANG_WARN_SUSPICIOUS_MOVE = YES;
				CLANG_WARN_UNREACHABLE_CODE = YES;
				CLANG_WARN__DUPLICATE_METHOD_MATCH = YES;
				"CODE_SIGN_IDENTITY[sdk=iphoneos*]" = "iPhone Developer";
				COPY_PHASE_STRIP = NO;
				DEBUG_INFORMATION_FORMAT = dwarf;
				ENABLE_STRICT_OBJC_MSGSEND = YES;
				ENABLE_TESTABILITY = YES;
				GCC_C_LANGUAGE_STANDARD = gnu99;
				GCC_DYNAMIC_NO_PIC = NO;
				GCC_NO_COMMON_BLOCKS = YES;
				GCC_OPTIMIZATION_LEVEL = 0;
				GCC_PREPROCESSOR_DEFINITIONS = (
					"DEBUG=1",
					"$(inherited)",
				);
				GCC_WARN_64_TO_32_BIT_CONVERSION = YES;
				GCC_WARN_ABOUT_RETURN_TYPE = YES_ERROR;
				GCC_WARN_UNDECLARED_SELECTOR = YES;
				GCC_WARN_UNINITIALIZED_AUTOS = YES_AGGRESSIVE;
				GCC_WARN_UNUSED_FUNCTION = YES;
				GCC_WARN_UNUSED_VARIABLE = YES;
				IPHONEOS_DEPLOYMENT_TARGET = 9.3;
				MTL_ENABLE_DEBUG_INFO = YES;
				ONLY_ACTIVE_ARCH = YES;
				SDKROOT = iphoneos;
				SWIFT_OPTIMIZATION_LEVEL = "-Onone";
			};
			name = Debug;
		};
		5BB0BD5F1D4FC02E0054120F /* Release */ = {
			isa = XCBuildConfiguration;
			buildSettings = {
				ALWAYS_SEARCH_USER_PATHS = NO;
				CLANG_ANALYZER_NONNULL = YES;
				CLANG_CXX_LANGUAGE_STANDARD = "gnu++0x";
				CLANG_CXX_LIBRARY = "libc++";
				CLANG_ENABLE_MODULES = YES;
				CLANG_ENABLE_OBJC_ARC = YES;
				CLANG_WARN_BOOL_CONVERSION = YES;
				CLANG_WARN_CONSTANT_CONVERSION = YES;
				CLANG_WARN_DIRECT_OBJC_ISA_USAGE = YES_ERROR;
				CLANG_WARN_EMPTY_BODY = YES;
				CLANG_WARN_ENUM_CONVERSION = YES;
				CLANG_WARN_INFINITE_RECURSION = YES;
				CLANG_WARN_INT_CONVERSION = YES;
				CLANG_WARN_OBJC_ROOT_CLASS = YES_ERROR;
				CLANG_WARN_SUSPICIOUS_MOVE = YES;
				CLANG_WARN_UNREACHABLE_CODE = YES;
				CLANG_WARN__DUPLICATE_METHOD_MATCH = YES;
				"CODE_SIGN_IDENTITY[sdk=iphoneos*]" = "iPhone Developer";
				COPY_PHASE_STRIP = NO;
				DEBUG_INFORMATION_FORMAT = "dwarf-with-dsym";
				ENABLE_NS_ASSERTIONS = NO;
				ENABLE_STRICT_OBJC_MSGSEND = YES;
				GCC_C_LANGUAGE_STANDARD = gnu99;
				GCC_NO_COMMON_BLOCKS = YES;
				GCC_WARN_64_TO_32_BIT_CONVERSION = YES;
				GCC_WARN_ABOUT_RETURN_TYPE = YES_ERROR;
				GCC_WARN_UNDECLARED_SELECTOR = YES;
				GCC_WARN_UNINITIALIZED_AUTOS = YES_AGGRESSIVE;
				GCC_WARN_UNUSED_FUNCTION = YES;
				GCC_WARN_UNUSED_VARIABLE = YES;
				IPHONEOS_DEPLOYMENT_TARGET = 9.3;
				MTL_ENABLE_DEBUG_INFO = NO;
				SDKROOT = iphoneos;
				SWIFT_OPTIMIZATION_LEVEL = "-Owholemodule";
				VALIDATE_PRODUCT = YES;
			};
			name = Release;
		};
		5BB0BD611D4FC02E0054120F /* Debug */ = {
			isa = XCBuildConfiguration;
			baseConfigurationReference = 310DB44B34C6C0E9355BD2E3 /* Pods-StructLove.debug.xcconfig */;
			buildSettings = {
				ASSETCATALOG_COMPILER_APPICON_NAME = AppIcon;
				INFOPLIST_FILE = StructLove/Info.plist;
				LD_RUNPATH_SEARCH_PATHS = "$(inherited) @executable_path/Frameworks";
				PRODUCT_BUNDLE_IDENTIFIER = com.flatironSchool.StructLove;
				PRODUCT_NAME = "$(TARGET_NAME)";
				SWIFT_VERSION = 3.0;
			};
			name = Debug;
		};
		5BB0BD621D4FC02E0054120F /* Release */ = {
			isa = XCBuildConfiguration;
			baseConfigurationReference = 42C27552232CFACC49202167 /* Pods-StructLove.release.xcconfig */;
			buildSettings = {
				ASSETCATALOG_COMPILER_APPICON_NAME = AppIcon;
				INFOPLIST_FILE = StructLove/Info.plist;
				LD_RUNPATH_SEARCH_PATHS = "$(inherited) @executable_path/Frameworks";
				PRODUCT_BUNDLE_IDENTIFIER = com.flatironSchool.StructLove;
				PRODUCT_NAME = "$(TARGET_NAME)";
				SWIFT_VERSION = 3.0;
			};
			name = Release;
		};
		5BB0BD641D4FC02E0054120F /* Debug */ = {
			isa = XCBuildConfiguration;
			baseConfigurationReference = 8070059736600D2FAA962E0C /* Pods-StructLoveTests.debug.xcconfig */;
			buildSettings = {
				ALWAYS_EMBED_SWIFT_STANDARD_LIBRARIES = YES;
				BUNDLE_LOADER = "$(TEST_HOST)";
				INFOPLIST_FILE = StructLoveTests/Info.plist;
				LD_RUNPATH_SEARCH_PATHS = "$(inherited) @executable_path/Frameworks @loader_path/Frameworks";
				PRODUCT_BUNDLE_IDENTIFIER = com.flatironSchool.StructLoveTests;
				PRODUCT_NAME = "$(TARGET_NAME)";
				SWIFT_VERSION = 3.0;
				TEST_HOST = "$(BUILT_PRODUCTS_DIR)/StructLove.app/StructLove";
			};
			name = Debug;
		};
		5BB0BD651D4FC02E0054120F /* Release */ = {
			isa = XCBuildConfiguration;
			baseConfigurationReference = 621999983021C34FF150CB91 /* Pods-StructLoveTests.release.xcconfig */;
			buildSettings = {
				ALWAYS_EMBED_SWIFT_STANDARD_LIBRARIES = YES;
				BUNDLE_LOADER = "$(TEST_HOST)";
				INFOPLIST_FILE = StructLoveTests/Info.plist;
				LD_RUNPATH_SEARCH_PATHS = "$(inherited) @executable_path/Frameworks @loader_path/Frameworks";
				PRODUCT_BUNDLE_IDENTIFIER = com.flatironSchool.StructLoveTests;
				PRODUCT_NAME = "$(TARGET_NAME)";
				SWIFT_VERSION = 3.0;
				TEST_HOST = "$(BUILT_PRODUCTS_DIR)/StructLove.app/StructLove";
			};
			name = Release;
		};
/* End XCBuildConfiguration section */

/* Begin XCConfigurationList section */
		5BB0BD3E1D4FC02E0054120F /* Build configuration list for PBXProject "StructLove" */ = {
			isa = XCConfigurationList;
			buildConfigurations = (
				5BB0BD5E1D4FC02E0054120F /* Debug */,
				5BB0BD5F1D4FC02E0054120F /* Release */,
			);
			defaultConfigurationIsVisible = 0;
			defaultConfigurationName = Release;
		};
		5BB0BD601D4FC02E0054120F /* Build configuration list for PBXNativeTarget "StructLove" */ = {
			isa = XCConfigurationList;
			buildConfigurations = (
				5BB0BD611D4FC02E0054120F /* Debug */,
				5BB0BD621D4FC02E0054120F /* Release */,
			);
			defaultConfigurationIsVisible = 0;
			defaultConfigurationName = Release;
		};
		5BB0BD631D4FC02E0054120F /* Build configuration list for PBXNativeTarget "StructLoveTests" */ = {
			isa = XCConfigurationList;
			buildConfigurations = (
				5BB0BD641D4FC02E0054120F /* Debug */,
				5BB0BD651D4FC02E0054120F /* Release */,
			);
			defaultConfigurationIsVisible = 0;
			defaultConfigurationName = Release;
		};
/* End XCConfigurationList section */
	};
	rootObject = 5BB0BD3B1D4FC02E0054120F /* Project object */;
}
